// !$*UTF8*$!
{
	archiveVersion = 1;
	classes = {
	};
	objectVersion = 46;
	objects = {

/* Begin PBXBuildFile section */
		B222B9471A91C77500E67BB6 /* Star.swift in Sources */ = {isa = PBXBuildFile; fileRef = B222B9461A91C77500E67BB6 /* Star.swift */; };
		B222B94A1A91C80100E67BB6 /* Body.swift in Sources */ = {isa = PBXBuildFile; fileRef = B222B9491A91C80100E67BB6 /* Body.swift */; };
		B222B94C1A91C83100E67BB6 /* Planet.swift in Sources */ = {isa = PBXBuildFile; fileRef = B222B94B1A91C83100E67BB6 /* Planet.swift */; };
		B22552DE1A92877E00478F12 /* NSCoderExtension.swift in Sources */ = {isa = PBXBuildFile; fileRef = B22552DD1A92877E00478F12 /* NSCoderExtension.swift */; };
		B22EE3CC1A8EC5CB00AAB7CA /* AppDelegate.swift in Sources */ = {isa = PBXBuildFile; fileRef = B22EE3CB1A8EC5CB00AAB7CA /* AppDelegate.swift */; };
		B22EE3CE1A8EC5CB00AAB7CA /* ViewController.swift in Sources */ = {isa = PBXBuildFile; fileRef = B22EE3CD1A8EC5CB00AAB7CA /* ViewController.swift */; };
		B22EE3D31A8EC5CB00AAB7CA /* Images.xcassets in Resources */ = {isa = PBXBuildFile; fileRef = B22EE3D21A8EC5CB00AAB7CA /* Images.xcassets */; };
		B22EE3D61A8EC5CB00AAB7CA /* LaunchScreen.xib in Resources */ = {isa = PBXBuildFile; fileRef = B22EE3D41A8EC5CB00AAB7CA /* LaunchScreen.xib */; };
/* End PBXBuildFile section */

/* Begin PBXContainerItemProxy section */
		B22EE3DC1A8EC5CB00AAB7CA /* PBXContainerItemProxy */ = {
			isa = PBXContainerItemProxy;
			containerPortal = B22EE3BE1A8EC5CB00AAB7CA /* Project object */;
			proxyType = 1;
			remoteGlobalIDString = B22EE3C51A8EC5CB00AAB7CA;
			remoteInfo = fu;
		};
/* End PBXContainerItemProxy section */

/* Begin PBXFileReference section */
		28172E5D8B973F792525D482 /* Pods-fuTests.debug.xcconfig */ = {isa = PBXFileReference; includeInIndex = 1; lastKnownFileType = text.xcconfig; name = "Pods-fuTests.debug.xcconfig"; path = "Pods/Target Support Files/Pods-fuTests/Pods-fuTests.debug.xcconfig"; sourceTree = "<group>"; };
		3CB136932609121C44FF4975 /* Pods_fuTests.framework */ = {isa = PBXFileReference; explicitFileType = wrapper.framework; includeInIndex = 0; path = Pods_fuTests.framework; sourceTree = BUILT_PRODUCTS_DIR; };
		43BE68B88B24AFF9198B122D /* Pods-fuTests.release.xcconfig */ = {isa = PBXFileReference; includeInIndex = 1; lastKnownFileType = text.xcconfig; name = "Pods-fuTests.release.xcconfig"; path = "Pods/Target Support Files/Pods-fuTests/Pods-fuTests.release.xcconfig"; sourceTree = "<group>"; };
		561C5E9BBCF7253A13F5D9A5 /* Pods.release.xcconfig */ = {isa = PBXFileReference; includeInIndex = 1; lastKnownFileType = text.xcconfig; name = Pods.release.xcconfig; path = "Pods/Target Support Files/Pods/Pods.release.xcconfig"; sourceTree = "<group>"; };
		62D30434855A7A8365DDE660 /* libPods.a */ = {isa = PBXFileReference; explicitFileType = archive.ar; includeInIndex = 0; path = libPods.a; sourceTree = BUILT_PRODUCTS_DIR; };
		B222B9431A91C46800E67BB6 /* fu-Bridging-Header.h */ = {isa = PBXFileReference; lastKnownFileType = sourcecode.c.h; path = "fu-Bridging-Header.h"; sourceTree = "<group>"; };
		B222B9461A91C77500E67BB6 /* Star.swift */ = {isa = PBXFileReference; fileEncoding = 4; lastKnownFileType = sourcecode.swift; path = Star.swift; sourceTree = "<group>"; };
		B222B9491A91C80100E67BB6 /* Body.swift */ = {isa = PBXFileReference; fileEncoding = 4; lastKnownFileType = sourcecode.swift; name = Body.swift; path = Models/Body.swift; sourceTree = "<group>"; };
		B222B94B1A91C83100E67BB6 /* Planet.swift */ = {isa = PBXFileReference; fileEncoding = 4; lastKnownFileType = sourcecode.swift; name = Planet.swift; path = Models/Planet.swift; sourceTree = "<group>"; };
		B22552DD1A92877E00478F12 /* NSCoderExtension.swift */ = {isa = PBXFileReference; fileEncoding = 4; lastKnownFileType = sourcecode.swift; name = NSCoderExtension.swift; path = Extensions/NSCoderExtension.swift; sourceTree = "<group>"; };
		B22EE3C61A8EC5CB00AAB7CA /* fu.app */ = {isa = PBXFileReference; explicitFileType = wrapper.application; includeInIndex = 0; path = fu.app; sourceTree = BUILT_PRODUCTS_DIR; };
		B22EE3CA1A8EC5CB00AAB7CA /* Info.plist */ = {isa = PBXFileReference; lastKnownFileType = text.plist.xml; path = Info.plist; sourceTree = "<group>"; };
		B22EE3CB1A8EC5CB00AAB7CA /* AppDelegate.swift */ = {isa = PBXFileReference; lastKnownFileType = sourcecode.swift; path = AppDelegate.swift; sourceTree = "<group>"; };
		B22EE3CD1A8EC5CB00AAB7CA /* ViewController.swift */ = {isa = PBXFileReference; lastKnownFileType = sourcecode.swift; path = ViewController.swift; sourceTree = "<group>"; };
		B22EE3D21A8EC5CB00AAB7CA /* Images.xcassets */ = {isa = PBXFileReference; lastKnownFileType = folder.assetcatalog; path = Images.xcassets; sourceTree = "<group>"; };
		B22EE3D51A8EC5CB00AAB7CA /* Base */ = {isa = PBXFileReference; lastKnownFileType = file.xib; name = Base; path = Base.lproj/LaunchScreen.xib; sourceTree = "<group>"; };
		B22EE3DB1A8EC5CB00AAB7CA /* fuTests.xctest */ = {isa = PBXFileReference; explicitFileType = wrapper.cfbundle; includeInIndex = 0; path = fuTests.xctest; sourceTree = BUILT_PRODUCTS_DIR; };
		B22EE3E01A8EC5CB00AAB7CA /* Info.plist */ = {isa = PBXFileReference; lastKnownFileType = text.plist.xml; path = Info.plist; sourceTree = "<group>"; };
		B2CA4BD51A91CA2D00DCF002 /* Quick.framework */ = {isa = PBXFileReference; lastKnownFileType = wrapper.framework; name = Quick.framework; path = "Pods/build/Debug-iphoneos/Pods/Quick.framework"; sourceTree = "<group>"; };
		C6AFD978A7AF72D57EAECB77 /* Pods.debug.xcconfig */ = {isa = PBXFileReference; includeInIndex = 1; lastKnownFileType = text.xcconfig; name = Pods.debug.xcconfig; path = "Pods/Target Support Files/Pods/Pods.debug.xcconfig"; sourceTree = "<group>"; };
/* End PBXFileReference section */

/* Begin PBXFrameworksBuildPhase section */
		B22EE3C31A8EC5CB00AAB7CA /* Frameworks */ = {
			isa = PBXFrameworksBuildPhase;
			buildActionMask = 2147483647;
			files = (
			);
			runOnlyForDeploymentPostprocessing = 0;
		};
		B22EE3D81A8EC5CB00AAB7CA /* Frameworks */ = {
			isa = PBXFrameworksBuildPhase;
			buildActionMask = 2147483647;
			files = (
			);
			runOnlyForDeploymentPostprocessing = 0;
		};
/* End PBXFrameworksBuildPhase section */

/* Begin PBXGroup section */
		6A2CDD0F689A69E2BCDC94C3 /* Frameworks */ = {
			isa = PBXGroup;
			children = (
				B2CA4BD51A91CA2D00DCF002 /* Quick.framework */,
				3CB136932609121C44FF4975 /* Pods_fuTests.framework */,
				62D30434855A7A8365DDE660 /* libPods.a */,
			);
			name = Frameworks;
			sourceTree = "<group>";
		};
		A38CBF3781394DB244970CB4 /* Pods */ = {
			isa = PBXGroup;
			children = (
				C6AFD978A7AF72D57EAECB77 /* Pods.debug.xcconfig */,
				561C5E9BBCF7253A13F5D9A5 /* Pods.release.xcconfig */,
				28172E5D8B973F792525D482 /* Pods-fuTests.debug.xcconfig */,
				43BE68B88B24AFF9198B122D /* Pods-fuTests.release.xcconfig */,
			);
			name = Pods;
			sourceTree = "<group>";
		};
		B222B9441A91C71700E67BB6 /* ViewControllers */ = {
			isa = PBXGroup;
			children = (
				B22EE3CD1A8EC5CB00AAB7CA /* ViewController.swift */,
			);
			name = ViewControllers;
			sourceTree = "<group>";
		};
		B222B9481A91C79400E67BB6 /* Models */ = {
			isa = PBXGroup;
			children = (
				B222B9461A91C77500E67BB6 /* Star.swift */,
				B222B9491A91C80100E67BB6 /* Body.swift */,
				B222B94B1A91C83100E67BB6 /* Planet.swift */,
			);
			name = Models;
			sourceTree = "<group>";
		};
		B22552DF1A92878500478F12 /* Extensions */ = {
			isa = PBXGroup;
			children = (
				B22552DD1A92877E00478F12 /* NSCoderExtension.swift */,
			);
			name = Extensions;
			sourceTree = "<group>";
		};
		B22EE3BD1A8EC5CB00AAB7CA = {
			isa = PBXGroup;
			children = (
				B22EE3C81A8EC5CB00AAB7CA /* fu */,
				B22EE3DE1A8EC5CB00AAB7CA /* fuTests */,
				B22EE3C71A8EC5CB00AAB7CA /* Products */,
				A38CBF3781394DB244970CB4 /* Pods */,
				6A2CDD0F689A69E2BCDC94C3 /* Frameworks */,
			);
			sourceTree = "<group>";
		};
		B22EE3C71A8EC5CB00AAB7CA /* Products */ = {
			isa = PBXGroup;
			children = (
				B22EE3C61A8EC5CB00AAB7CA /* fu.app */,
				B22EE3DB1A8EC5CB00AAB7CA /* fuTests.xctest */,
			);
			name = Products;
			sourceTree = "<group>";
		};
		B22EE3C81A8EC5CB00AAB7CA /* fu */ = {
			isa = PBXGroup;
			children = (
				B22EE3CB1A8EC5CB00AAB7CA /* AppDelegate.swift */,
				B22552DF1A92878500478F12 /* Extensions */,
				B222B9481A91C79400E67BB6 /* Models */,
				B222B9441A91C71700E67BB6 /* ViewControllers */,
				B22EE3D21A8EC5CB00AAB7CA /* Images.xcassets */,
				B22EE3C91A8EC5CB00AAB7CA /* Supporting Files */,
			);
			path = fu;
			sourceTree = "<group>";
		};
		B22EE3C91A8EC5CB00AAB7CA /* Supporting Files */ = {
			isa = PBXGroup;
			children = (
				B22EE3D41A8EC5CB00AAB7CA /* LaunchScreen.xib */,
				B22EE3CA1A8EC5CB00AAB7CA /* Info.plist */,
				B222B9431A91C46800E67BB6 /* fu-Bridging-Header.h */,
			);
			name = "Supporting Files";
			sourceTree = "<group>";
		};
		B22EE3DE1A8EC5CB00AAB7CA /* fuTests */ = {
			isa = PBXGroup;
			children = (
				B22EE3DF1A8EC5CB00AAB7CA /* Supporting Files */,
			);
			path = fuTests;
			sourceTree = "<group>";
		};
		B22EE3DF1A8EC5CB00AAB7CA /* Supporting Files */ = {
			isa = PBXGroup;
			children = (
				B22EE3E01A8EC5CB00AAB7CA /* Info.plist */,
			);
			name = "Supporting Files";
			sourceTree = "<group>";
		};
/* End PBXGroup section */

/* Begin PBXNativeTarget section */
		B22EE3C51A8EC5CB00AAB7CA /* fu */ = {
			isa = PBXNativeTarget;
			buildConfigurationList = B22EE3E51A8EC5CB00AAB7CA /* Build configuration list for PBXNativeTarget "fu" */;
			buildPhases = (
				B22EE3C21A8EC5CB00AAB7CA /* Sources */,
				B22EE3C31A8EC5CB00AAB7CA /* Frameworks */,
				B22EE3C41A8EC5CB00AAB7CA /* Resources */,
			);
			buildRules = (
			);
			dependencies = (
			);
			name = fu;
			productName = fu;
			productReference = B22EE3C61A8EC5CB00AAB7CA /* fu.app */;
			productType = "com.apple.product-type.application";
		};
		B22EE3DA1A8EC5CB00AAB7CA /* fuTests */ = {
			isa = PBXNativeTarget;
			buildConfigurationList = B22EE3E81A8EC5CB00AAB7CA /* Build configuration list for PBXNativeTarget "fuTests" */;
			buildPhases = (
				B22EE3D71A8EC5CB00AAB7CA /* Sources */,
				B22EE3D81A8EC5CB00AAB7CA /* Frameworks */,
				B22EE3D91A8EC5CB00AAB7CA /* Resources */,
			);
			buildRules = (
			);
			dependencies = (
				B22EE3DD1A8EC5CB00AAB7CA /* PBXTargetDependency */,
			);
			name = fuTests;
			productName = fuTests;
			productReference = B22EE3DB1A8EC5CB00AAB7CA /* fuTests.xctest */;
			productType = "com.apple.product-type.bundle.unit-test";
		};
/* End PBXNativeTarget section */

/* Begin PBXProject section */
		B22EE3BE1A8EC5CB00AAB7CA /* Project object */ = {
			isa = PBXProject;
			attributes = {
				LastUpgradeCheck = 0610;
				TargetAttributes = {
					B22EE3C51A8EC5CB00AAB7CA = {
						CreatedOnToolsVersion = 6.1.1;
					};
					B22EE3DA1A8EC5CB00AAB7CA = {
						CreatedOnToolsVersion = 6.1.1;
						TestTargetID = B22EE3C51A8EC5CB00AAB7CA;
					};
				};
			};
			buildConfigurationList = B22EE3C11A8EC5CB00AAB7CA /* Build configuration list for PBXProject "fu" */;
			compatibilityVersion = "Xcode 3.2";
			developmentRegion = English;
			hasScannedForEncodings = 0;
			knownRegions = (
				en,
				Base,
			);
			mainGroup = B22EE3BD1A8EC5CB00AAB7CA;
			productRefGroup = B22EE3C71A8EC5CB00AAB7CA /* Products */;
			projectDirPath = "";
			projectRoot = "";
			targets = (
				B22EE3C51A8EC5CB00AAB7CA /* fu */,
				B22EE3DA1A8EC5CB00AAB7CA /* fuTests */,
			);
		};
/* End PBXProject section */

/* Begin PBXResourcesBuildPhase section */
		B22EE3C41A8EC5CB00AAB7CA /* Resources */ = {
			isa = PBXResourcesBuildPhase;
			buildActionMask = 2147483647;
			files = (
				B22EE3D61A8EC5CB00AAB7CA /* LaunchScreen.xib in Resources */,
				B22EE3D31A8EC5CB00AAB7CA /* Images.xcassets in Resources */,
			);
			runOnlyForDeploymentPostprocessing = 0;
		};
		B22EE3D91A8EC5CB00AAB7CA /* Resources */ = {
			isa = PBXResourcesBuildPhase;
			buildActionMask = 2147483647;
			files = (
			);
			runOnlyForDeploymentPostprocessing = 0;
		};
/* End PBXResourcesBuildPhase section */

/* Begin PBXSourcesBuildPhase section */
		B22EE3C21A8EC5CB00AAB7CA /* Sources */ = {
			isa = PBXSourcesBuildPhase;
			buildActionMask = 2147483647;
			files = (
				B222B9471A91C77500E67BB6 /* Star.swift in Sources */,
				B22EE3CE1A8EC5CB00AAB7CA /* ViewController.swift in Sources */,
				B22EE3CC1A8EC5CB00AAB7CA /* AppDelegate.swift in Sources */,
				B222B94A1A91C80100E67BB6 /* Body.swift in Sources */,
				B22552DE1A92877E00478F12 /* NSCoderExtension.swift in Sources */,
				B222B94C1A91C83100E67BB6 /* Planet.swift in Sources */,
			);
			runOnlyForDeploymentPostprocessing = 0;
		};
		B22EE3D71A8EC5CB00AAB7CA /* Sources */ = {
			isa = PBXSourcesBuildPhase;
			buildActionMask = 2147483647;
			files = (
			);
			runOnlyForDeploymentPostprocessing = 0;
		};
/* End PBXSourcesBuildPhase section */

/* Begin PBXTargetDependency section */
		B22EE3DD1A8EC5CB00AAB7CA /* PBXTargetDependency */ = {
			isa = PBXTargetDependency;
			target = B22EE3C51A8EC5CB00AAB7CA /* fu */;
			targetProxy = B22EE3DC1A8EC5CB00AAB7CA /* PBXContainerItemProxy */;
		};
/* End PBXTargetDependency section */

/* Begin PBXVariantGroup section */
		B22EE3D41A8EC5CB00AAB7CA /* LaunchScreen.xib */ = {
			isa = PBXVariantGroup;
			children = (
				B22EE3D51A8EC5CB00AAB7CA /* Base */,
			);
			name = LaunchScreen.xib;
			sourceTree = "<group>";
		};
/* End PBXVariantGroup section */

/* Begin XCBuildConfiguration section */
		B22EE3E31A8EC5CB00AAB7CA /* Debug */ = {
			isa = XCBuildConfiguration;
			buildSettings = {
				ALWAYS_SEARCH_USER_PATHS = NO;
				CLANG_CXX_LANGUAGE_STANDARD = "gnu++0x";
				CLANG_CXX_LIBRARY = "libc++";
				CLANG_ENABLE_MODULES = YES;
				CLANG_ENABLE_OBJC_ARC = YES;
				CLANG_WARN_BOOL_CONVERSION = YES;
				CLANG_WARN_CONSTANT_CONVERSION = YES;
				CLANG_WARN_DIRECT_OBJC_ISA_USAGE = YES_ERROR;
				CLANG_WARN_EMPTY_BODY = YES;
				CLANG_WARN_ENUM_CONVERSION = YES;
				CLANG_WARN_INT_CONVERSION = YES;
				CLANG_WARN_OBJC_ROOT_CLASS = YES_ERROR;
				CLANG_WARN_UNREACHABLE_CODE = YES;
				CLANG_WARN__DUPLICATE_METHOD_MATCH = YES;
				"CODE_SIGN_IDENTITY[sdk=iphoneos*]" = "iPhone Developer";
				COPY_PHASE_STRIP = NO;
				ENABLE_STRICT_OBJC_MSGSEND = YES;
				GCC_C_LANGUAGE_STANDARD = gnu99;
				GCC_DYNAMIC_NO_PIC = NO;
				GCC_OPTIMIZATION_LEVEL = 0;
				GCC_PREPROCESSOR_DEFINITIONS = (
					"DEBUG=1",
					"$(inherited)",
				);
				GCC_SYMBOLS_PRIVATE_EXTERN = NO;
				GCC_WARN_64_TO_32_BIT_CONVERSION = YES;
				GCC_WARN_ABOUT_RETURN_TYPE = YES_ERROR;
				GCC_WARN_UNDECLARED_SELECTOR = YES;
				GCC_WARN_UNINITIALIZED_AUTOS = YES_AGGRESSIVE;
				GCC_WARN_UNUSED_FUNCTION = YES;
				GCC_WARN_UNUSED_VARIABLE = YES;
				IPHONEOS_DEPLOYMENT_TARGET = 8.1;
				MTL_ENABLE_DEBUG_INFO = YES;
				ONLY_ACTIVE_ARCH = YES;
				SDKROOT = iphoneos;
				SWIFT_OPTIMIZATION_LEVEL = "-Onone";
				TARGETED_DEVICE_FAMILY = "1,2";
			};
			name = Debug;
		};
		B22EE3E41A8EC5CB00AAB7CA /* Release */ = {
			isa = XCBuildConfiguration;
			buildSettings = {
				ALWAYS_SEARCH_USER_PATHS = NO;
				CLANG_CXX_LANGUAGE_STANDARD = "gnu++0x";
				CLANG_CXX_LIBRARY = "libc++";
				CLANG_ENABLE_MODULES = YES;
				CLANG_ENABLE_OBJC_ARC = YES;
				CLANG_WARN_BOOL_CONVERSION = YES;
				CLANG_WARN_CONSTANT_CONVERSION = YES;
				CLANG_WARN_DIRECT_OBJC_ISA_USAGE = YES_ERROR;
				CLANG_WARN_EMPTY_BODY = YES;
				CLANG_WARN_ENUM_CONVERSION = YES;
				CLANG_WARN_INT_CONVERSION = YES;
				CLANG_WARN_OBJC_ROOT_CLASS = YES_ERROR;
				CLANG_WARN_UNREACHABLE_CODE = YES;
				CLANG_WARN__DUPLICATE_METHOD_MATCH = YES;
				"CODE_SIGN_IDENTITY[sdk=iphoneos*]" = "iPhone Developer";
				COPY_PHASE_STRIP = YES;
				ENABLE_NS_ASSERTIONS = NO;
				ENABLE_STRICT_OBJC_MSGSEND = YES;
				GCC_C_LANGUAGE_STANDARD = gnu99;
				GCC_WARN_64_TO_32_BIT_CONVERSION = YES;
				GCC_WARN_ABOUT_RETURN_TYPE = YES_ERROR;
				GCC_WARN_UNDECLARED_SELECTOR = YES;
				GCC_WARN_UNINITIALIZED_AUTOS = YES_AGGRESSIVE;
				GCC_WARN_UNUSED_FUNCTION = YES;
				GCC_WARN_UNUSED_VARIABLE = YES;
				IPHONEOS_DEPLOYMENT_TARGET = 8.1;
				MTL_ENABLE_DEBUG_INFO = NO;
				SDKROOT = iphoneos;
				TARGETED_DEVICE_FAMILY = "1,2";
				VALIDATE_PRODUCT = YES;
			};
			name = Release;
		};
		B22EE3E61A8EC5CB00AAB7CA /* Debug */ = {
			isa = XCBuildConfiguration;
			baseConfigurationReference = C6AFD978A7AF72D57EAECB77 /* Pods.debug.xcconfig */;
			buildSettings = {
				ASSETCATALOG_COMPILER_APPICON_NAME = AppIcon;
				FRAMEWORK_SEARCH_PATHS = (
					"$(inherited)",
					"$(PROJECT_DIR)/Pods/build/Debug-iphoneos/Pods",
				);
				INFOPLIST_FILE = fu/Info.plist;
				IPHONEOS_DEPLOYMENT_TARGET = 8.1;
				LD_RUNPATH_SEARCH_PATHS = "$(inherited) @executable_path/Frameworks";
				PRODUCT_NAME = "$(TARGET_NAME)";
				SWIFT_OBJC_BRIDGING_HEADER = "/Users/johnny/dev/mintaka/fu/fu/fu-Bridging-Header.h";
			};
			name = Debug;
		};
		B22EE3E71A8EC5CB00AAB7CA /* Release */ = {
			isa = XCBuildConfiguration;
			baseConfigurationReference = 561C5E9BBCF7253A13F5D9A5 /* Pods.release.xcconfig */;
			buildSettings = {
				ASSETCATALOG_COMPILER_APPICON_NAME = AppIcon;
				FRAMEWORK_SEARCH_PATHS = (
					"$(inherited)",
					"$(PROJECT_DIR)/Pods/build/Debug-iphoneos/Pods",
				);
				INFOPLIST_FILE = fu/Info.plist;
				IPHONEOS_DEPLOYMENT_TARGET = 8.1;
				LD_RUNPATH_SEARCH_PATHS = "$(inherited) @executable_path/Frameworks";
				PRODUCT_NAME = "$(TARGET_NAME)";
				SWIFT_OBJC_BRIDGING_HEADER = "/Users/johnny/dev/mintaka/fu/fu/fu-Bridging-Header.h";
			};
			name = Release;
		};
		B22EE3E91A8EC5CB00AAB7CA /* Debug */ = {
			isa = XCBuildConfiguration;
			baseConfigurationReference = 28172E5D8B973F792525D482 /* Pods-fuTests.debug.xcconfig */;
			buildSettings = {
				BUNDLE_LOADER = "$(TEST_HOST)";
				FRAMEWORK_SEARCH_PATHS = (
					"$(SDKROOT)/Developer/Library/Frameworks",
					"$(inherited)",
				);
				GCC_PREPROCESSOR_DEFINITIONS = (
					"DEBUG=1",
					"$(inherited)",
				);
				INFOPLIST_FILE = fuTests/Info.plist;
				LD_RUNPATH_SEARCH_PATHS = "$(inherited) @executable_path/Frameworks @loader_path/Frameworks";
				PRODUCT_NAME = "$(TARGET_NAME)";
				TEST_HOST = "$(BUILT_PRODUCTS_DIR)/fu.app/fu";
			};
			name = Debug;
		};
		B22EE3EA1A8EC5CB00AAB7CA /* Release */ = {
			isa = XCBuildConfiguration;
			baseConfigurationReference = 43BE68B88B24AFF9198B122D /* Pods-fuTests.release.xcconfig */;
			buildSettings = {
				BUNDLE_LOADER = "$(TEST_HOST)";
				FRAMEWORK_SEARCH_PATHS = (
					"$(SDKROOT)/Developer/Library/Frameworks",
					"$(inherited)",
				);
				INFOPLIST_FILE = fuTests/Info.plist;
				LD_RUNPATH_SEARCH_PATHS = "$(inherited) @executable_path/Frameworks @loader_path/Frameworks";
				PRODUCT_NAME = "$(TARGET_NAME)";
				TEST_HOST = "$(BUILT_PRODUCTS_DIR)/fu.app/fu";
			};
			name = Release;
		};
/* End XCBuildConfiguration section */

/* Begin XCConfigurationList section */
		B22EE3C11A8EC5CB00AAB7CA /* Build configuration list for PBXProject "fu" */ = {
			isa = XCConfigurationList;
			buildConfigurations = (
				B22EE3E31A8EC5CB00AAB7CA /* Debug */,
				B22EE3E41A8EC5CB00AAB7CA /* Release */,
			);
			defaultConfigurationIsVisible = 0;
			defaultConfigurationName = Release;
		};
		B22EE3E51A8EC5CB00AAB7CA /* Build configuration list for PBXNativeTarget "fu" */ = {
			isa = XCConfigurationList;
			buildConfigurations = (
				B22EE3E61A8EC5CB00AAB7CA /* Debug */,
				B22EE3E71A8EC5CB00AAB7CA /* Release */,
			);
			defaultConfigurationIsVisible = 0;
			defaultConfigurationName = Release;
		};
		B22EE3E81A8EC5CB00AAB7CA /* Build configuration list for PBXNativeTarget "fuTests" */ = {
			isa = XCConfigurationList;
			buildConfigurations = (
				B22EE3E91A8EC5CB00AAB7CA /* Debug */,
				B22EE3EA1A8EC5CB00AAB7CA /* Release */,
			);
			defaultConfigurationIsVisible = 0;
			defaultConfigurationName = Release;
		};
/* End XCConfigurationList section */
	};
	rootObject = B22EE3BE1A8EC5CB00AAB7CA /* Project object */;
}
